
Microsoft Visual Studio Solution File, Format Version 12.00
# Visual Studio 14
VisualStudioVersion = 14.0.25420.1
MinimumVisualStudioVersion = 10.0.40219.1
Project("{FAE04EC0-301F-11D3-BF4B-00C04F79EFBC}") = "OP.RememberTheDate.WebService", "OP.RememberTheDate.WebService\OP.RememberTheDate.WebService.csproj", "{48105AE1-77B9-402D-848E-21C1B40D96DE}"
EndProject
Project("{FAE04EC0-301F-11D3-BF4B-00C04F79EFBC}") = "OP.RememberTheDate.Storage", "OP.RememberTheDate.Storage\OP.RememberTheDate.Storage.csproj", "{2395005F-4AC6-40DC-A089-6041AEF18A2A}"
EndProject
Project("{FAE04EC0-301F-11D3-BF4B-00C04F79EFBC}") = "OP.RememberTheDate.DatabaseSync", "OP.RememberTheDate.DatabaseSync\OP.RememberTheDate.DatabaseSync.csproj", "{46420913-1348-4095-96D8-E40A5FE40E32}"
EndProject
Project("{2150E333-8FDC-42A3-9474-1A3956D46DE8}") = "Configuration", "Configuration", "{5DE14347-D87B-4876-B03C-E5F14E3FDF8F}"
EndProject
Project("{FAE04EC0-301F-11D3-BF4B-00C04F79EFBC}") = "Project.Configurations.Manager", "Configuration\Project.Configurations.Manager\Project.Configurations.Manager.csproj", "{33A06CD8-EDBE-46B7-A03A-FCA0F8C89EED}"
EndProject
Project("{FAE04EC0-301F-11D3-BF4B-00C04F79EFBC}") = "Project.Configurations.Preconditions", "Configuration\Project.Configurations.Preconditions\Project.Configurations.Preconditions.csproj", "{84107F18-08C1-47E6-AF7D-CDE849027141}"
EndProject
Project("{FAE04EC0-301F-11D3-BF4B-00C04F79EFBC}") = "OP.RememberTheDate.Configuration", "OP.RememberTheDate.Configuration\OP.RememberTheDate.Configuration.csproj", "{BC127271-05C5-4150-8899-6E663546374B}"
EndProject
Project("{FAE04EC0-301F-11D3-BF4B-00C04F79EFBC}") = "OP.RememberTheDate.Storage.Mongo", "OP.RememberTheDate.Storage.Mongo\OP.RememberTheDate.Storage.Mongo.csproj", "{3E7F29A4-14DE-45BA-9461-2B7B7D6009C6}"
EndProject
Global
	GlobalSection(SolutionConfigurationPlatforms) = preSolution
		Debug|Any CPU = Debug|Any CPU
		Release|Any CPU = Release|Any CPU
	EndGlobalSection
	GlobalSection(ProjectConfigurationPlatforms) = postSolution
		{48105AE1-77B9-402D-848E-21C1B40D96DE}.Debug|Any CPU.ActiveCfg = Debug|Any CPU
		{48105AE1-77B9-402D-848E-21C1B40D96DE}.Debug|Any CPU.Build.0 = Debug|Any CPU
		{48105AE1-77B9-402D-848E-21C1B40D96DE}.Release|Any CPU.ActiveCfg = Release|Any CPU
		{48105AE1-77B9-402D-848E-21C1B40D96DE}.Release|Any CPU.Build.0 = Release|Any CPU
		{2395005F-4AC6-40DC-A089-6041AEF18A2A}.Debug|Any CPU.ActiveCfg = Debug|Any CPU
		{2395005F-4AC6-40DC-A089-6041AEF18A2A}.Debug|Any CPU.Build.0 = Debug|Any CPU
		{2395005F-4AC6-40DC-A089-6041AEF18A2A}.Release|Any CPU.ActiveCfg = Release|Any CPU
		{2395005F-4AC6-40DC-A089-6041AEF18A2A}.Release|Any CPU.Build.0 = Release|Any CPU
		{46420913-1348-4095-96D8-E40A5FE40E32}.Debug|Any CPU.ActiveCfg = Debug|Any CPU
		{46420913-1348-4095-96D8-E40A5FE40E32}.Debug|Any CPU.Build.0 = Debug|Any CPU
		{46420913-1348-4095-96D8-E40A5FE40E32}.Release|Any CPU.ActiveCfg = Release|Any CPU
		{46420913-1348-4095-96D8-E40A5FE40E32}.Release|Any CPU.Build.0 = Release|Any CPU
		{33A06CD8-EDBE-46B7-A03A-FCA0F8C89EED}.Debug|Any CPU.ActiveCfg = Debug|Any CPU
		{33A06CD8-EDBE-46B7-A03A-FCA0F8C89EED}.Debug|Any CPU.Build.0 = Debug|Any CPU
		{33A06CD8-EDBE-46B7-A03A-FCA0F8C89EED}.Release|Any CPU.ActiveCfg = Release|Any CPU
		{33A06CD8-EDBE-46B7-A03A-FCA0F8C89EED}.Release|Any CPU.Build.0 = Release|Any CPU
		{84107F18-08C1-47E6-AF7D-CDE849027141}.Debug|Any CPU.ActiveCfg = Debug|Any CPU
		{84107F18-08C1-47E6-AF7D-CDE849027141}.Debug|Any CPU.Build.0 = Debug|Any CPU
		{84107F18-08C1-47E6-AF7D-CDE849027141}.Release|Any CPU.ActiveCfg = Release|Any CPU
		{84107F18-08C1-47E6-AF7D-CDE849027141}.Release|Any CPU.Build.0 = Release|Any CPU
		{BC127271-05C5-4150-8899-6E663546374B}.Debug|Any CPU.ActiveCfg = Debug|Any CPU
		{BC127271-05C5-4150-8899-6E663546374B}.Debug|Any CPU.Build.0 = Debug|Any CPU
		{BC127271-05C5-4150-8899-6E663546374B}.Release|Any CPU.ActiveCfg = Release|Any CPU
		{BC127271-05C5-4150-8899-6E663546374B}.Release|Any CPU.Build.0 = Release|Any CPU
		{3E7F29A4-14DE-45BA-9461-2B7B7D6009C6}.Debug|Any CPU.ActiveCfg = Debug|Any CPU
		{3E7F29A4-14DE-45BA-9461-2B7B7D6009C6}.Debug|Any CPU.Build.0 = Debug|Any CPU
		{3E7F29A4-14DE-45BA-9461-2B7B7D6009C6}.Release|Any CPU.ActiveCfg = Release|Any CPU
		{3E7F29A4-14DE-45BA-9461-2B7B7D6009C6}.Release|Any CPU.Build.0 = Release|Any CPU
	EndGlobalSection
	GlobalSection(SolutionProperties) = preSolution
		HideSolutionNode = FALSE
	EndGlobalSection
	GlobalSection(NestedProjects) = preSolution
		{33A06CD8-EDBE-46B7-A03A-FCA0F8C89EED} = {5DE14347-D87B-4876-B03C-E5F14E3FDF8F}
		{84107F18-08C1-47E6-AF7D-CDE849027141} = {5DE14347-D87B-4876-B03C-E5F14E3FDF8F}
		{BC127271-05C5-4150-8899-6E663546374B} = {5DE14347-D87B-4876-B03C-E5F14E3FDF8F}
	EndGlobalSection
EndGlobal
